{
  "name": "@hello-datang/bizspec",
  "version": "0.2.0",
  "lockfileVersion": 3,
  "requires": true,
  "packages": {
    "": {
      "name": "@hello-datang/bizspec",
      "version": "0.2.0",
      "license": "MIT",
      "bin": {
        "bizspec": "bin/bizspec.mjs"
      },
      "engines": {
        "node": ">=20"
      }
    }
  }
}
